
Microsoft Visual Studio Solution File, Format Version 12.00
# Visual Studio 15
Project("{FAE04EC0-301F-11D3-BF4B-00C04F79EFBC}") = "UnityEngine.UI", "UnityEngine.UI.csproj", "{0B63AC10-6FA6-2C56-0014-3293760FAEF9}"
EndProject
Project("{FAE04EC0-301F-11D3-BF4B-00C04F79EFBC}") = "Assembly-CSharp", "Assembly-CSharp.csproj", "{2F063E78-B056-8852-FDE8-6B005E3E4381}"
EndProject
Project("{FAE04EC0-301F-11D3-BF4B-00C04F79EFBC}") = "UnityEditor.UI", "UnityEditor.UI.csproj", "{7BB9855D-EB36-E2A6-28FA-D1B861AEC249}"
EndProject
Global
	GlobalSection(SolutionConfigurationPlatforms) = preSolution
		Debug|Any CPU = Debug|Any CPU
		Release|Any CPU = Release|Any CPU
	EndGlobalSection
	GlobalSection(ProjectConfigurationPlatforms) = postSolution
		{0B63AC10-6FA6-2C56-0014-3293760FAEF9}.Debug|Any CPU.ActiveCfg = Debug|Any CPU
		{0B63AC10-6FA6-2C56-0014-3293760FAEF9}.Debug|Any CPU.Build.0 = Debug|Any CPU
		{0B63AC10-6FA6-2C56-0014-3293760FAEF9}.Release|Any CPU.ActiveCfg = Release|Any CPU
		{0B63AC10-6FA6-2C56-0014-3293760FAEF9}.Release|Any CPU.Build.0 = Release|Any CPU
		{2F063E78-B056-8852-FDE8-6B005E3E4381}.Debug|Any CPU.ActiveCfg = Debug|Any CPU
		{2F063E78-B056-8852-FDE8-6B005E3E4381}.Debug|Any CPU.Build.0 = Debug|Any CPU
		{2F063E78-B056-8852-FDE8-6B005E3E4381}.Release|Any CPU.ActiveCfg = Release|Any CPU
		{2F063E78-B056-8852-FDE8-6B005E3E4381}.Release|Any CPU.Build.0 = Release|Any CPU
		{7BB9855D-EB36-E2A6-28FA-D1B861AEC249}.Debug|Any CPU.ActiveCfg = Debug|Any CPU
		{7BB9855D-EB36-E2A6-28FA-D1B861AEC249}.Debug|Any CPU.Build.0 = Debug|Any CPU
		{7BB9855D-EB36-E2A6-28FA-D1B861AEC249}.Release|Any CPU.ActiveCfg = Release|Any CPU
		{7BB9855D-EB36-E2A6-28FA-D1B861AEC249}.Release|Any CPU.Build.0 = Release|Any CPU
	EndGlobalSection
	GlobalSection(SolutionProperties) = preSolution
		HideSolutionNode = FALSE
	EndGlobalSection
EndGlobal
